{
  "originHash" : "533de208f7207fdd36b99a2f0036707fca012c23defe0e4e99a820106aff336d",
  "pins" : [
    {
      "identity" : "purchases-ios-spm",
      "kind" : "remoteSourceControl",
      "location" : "https://github.com/RevenueCat/purchases-ios-spm.git",
      "state" : {
        "revision" : "8f5f5e1b95506f89524cdbb70bcaf096a6f6fcc2",
        "version" : "5.70.0"
      }
    }
  ],
  "version" : 3
}
